
Microsoft Visual Studio Solution File, Format Version 12.00
# Visual Studio Version 17
VisualStudioVersion = 17.6.33829.357
MinimumVisualStudioVersion = 10.0.40219.1
Project("{FAE04EC0-301F-11D3-BF4B-00C04F79EFBC}") = "Ping Pong", "Ping Pong\Ping Pong.csproj", "{6FF0B7FF-DD02-4A46-93B7-CF90B4E403F5}"
EndProject
Global
	GlobalSection(SolutionConfigurationPlatforms) = preSolution
		Debug|Any CPU = Debug|Any CPU
		Release|Any CPU = Release|Any CPU
	EndGlobalSection
	GlobalSection(ProjectConfigurationPlatforms) = postSolution
		{6FF0B7FF-DD02-4A46-93B7-CF90B4E403F5}.Debug|Any CPU.ActiveCfg = Debug|Any CPU
		{6FF0B7FF-DD02-4A46-93B7-CF90B4E403F5}.Debug|Any CPU.Build.0 = Debug|Any CPU
		{6FF0B7FF-DD02-4A46-93B7-CF90B4E403F5}.Release|Any CPU.ActiveCfg = Release|Any CPU
		{6FF0B7FF-DD02-4A46-93B7-CF90B4E403F5}.Release|Any CPU.Build.0 = Release|Any CPU
	EndGlobalSection
	GlobalSection(SolutionProperties) = preSolution
		HideSolutionNode = FALSE
	EndGlobalSection
	GlobalSection(ExtensibilityGlobals) = postSolution
		SolutionGuid = {E20B876B-6EF7-4117-937F-50B6C942051E}
	EndGlobalSection
EndGlobal
